
Microsoft Visual Studio Solution File, Format Version 12.00
# Visual Studio 15
VisualStudioVersion = 15.0.34526.175
MinimumVisualStudioVersion = 10.0.40219.1
Project("{8BC9CEB8-8B4A-11D0-8D11-00A0C91BC942}") = "Project16", "Project16\Project16.vcxproj", "{430C18F5-396E-4399-A4D5-61ADDFE38388}"
EndProject
Global
	GlobalSection(SolutionConfigurationPlatforms) = preSolution
		Debug|x64 = Debug|x64
		Debug|x86 = Debug|x86
		Release|x64 = Release|x64
		Release|x86 = Release|x86
	EndGlobalSection
	GlobalSection(ProjectConfigurationPlatforms) = postSolution
		{430C18F5-396E-4399-A4D5-61ADDFE38388}.Debug|x64.ActiveCfg = Debug|x64
		{430C18F5-396E-4399-A4D5-61ADDFE38388}.Debug|x64.Build.0 = Debug|x64
		{430C18F5-396E-4399-A4D5-61ADDFE38388}.Debug|x86.ActiveCfg = Debug|Win32
		{430C18F5-396E-4399-A4D5-61ADDFE38388}.Debug|x86.Build.0 = Debug|Win32
		{430C18F5-396E-4399-A4D5-61ADDFE38388}.Release|x64.ActiveCfg = Release|x64
		{430C18F5-396E-4399-A4D5-61ADDFE38388}.Release|x64.Build.0 = Release|x64
		{430C18F5-396E-4399-A4D5-61ADDFE38388}.Release|x86.ActiveCfg = Release|Win32
		{430C18F5-396E-4399-A4D5-61ADDFE38388}.Release|x86.Build.0 = Release|Win32
	EndGlobalSection
	GlobalSection(SolutionProperties) = preSolution
		HideSolutionNode = FALSE
	EndGlobalSection
	GlobalSection(ExtensibilityGlobals) = postSolution
		SolutionGuid = {19AFC118-DE54-4C2C-9407-8D484516B631}
	EndGlobalSection
EndGlobal
