
Microsoft Visual Studio Solution File, Format Version 12.00
# Visual Studio 15
VisualStudioVersion = 15.0.34526.175
MinimumVisualStudioVersion = 10.0.40219.1
Project("{8BC9CEB8-8B4A-11D0-8D11-00A0C91BC942}") = "Project6", "Project6\Project6.vcxproj", "{2A198A0B-09B0-4E98-988E-0A3CF65B6892}"
EndProject
Global
	GlobalSection(SolutionConfigurationPlatforms) = preSolution
		Debug|x64 = Debug|x64
		Debug|x86 = Debug|x86
		Release|x64 = Release|x64
		Release|x86 = Release|x86
	EndGlobalSection
	GlobalSection(ProjectConfigurationPlatforms) = postSolution
		{2A198A0B-09B0-4E98-988E-0A3CF65B6892}.Debug|x64.ActiveCfg = Debug|x64
		{2A198A0B-09B0-4E98-988E-0A3CF65B6892}.Debug|x64.Build.0 = Debug|x64
		{2A198A0B-09B0-4E98-988E-0A3CF65B6892}.Debug|x86.ActiveCfg = Debug|Win32
		{2A198A0B-09B0-4E98-988E-0A3CF65B6892}.Debug|x86.Build.0 = Debug|Win32
		{2A198A0B-09B0-4E98-988E-0A3CF65B6892}.Release|x64.ActiveCfg = Release|x64
		{2A198A0B-09B0-4E98-988E-0A3CF65B6892}.Release|x64.Build.0 = Release|x64
		{2A198A0B-09B0-4E98-988E-0A3CF65B6892}.Release|x86.ActiveCfg = Release|Win32
		{2A198A0B-09B0-4E98-988E-0A3CF65B6892}.Release|x86.Build.0 = Release|Win32
	EndGlobalSection
	GlobalSection(SolutionProperties) = preSolution
		HideSolutionNode = FALSE
	EndGlobalSection
	GlobalSection(ExtensibilityGlobals) = postSolution
		SolutionGuid = {773D62AD-3E23-45EF-8093-A100B97F8F63}
	EndGlobalSection
EndGlobal
